
Microsoft Visual Studio Solution File, Format Version 12.00
# Visual Studio Version 16
VisualStudioVersion = 16.0.31402.337
MinimumVisualStudioVersion = 10.0.40219.1
Project("{FAE04EC0-301F-11D3-BF4B-00C04F79EFBC}") = "BMI Calculator.UWP", "BMI Calculator\BMI Calculator.UWP\BMI Calculator.UWP.csproj", "{21265B3D-6CAD-4940-A8EF-7D40AE6BCF9C}"
EndProject
Project("{FAE04EC0-301F-11D3-BF4B-00C04F79EFBC}") = "BMI Calculator.Android", "BMI Calculator\BMI Calculator.Android\BMI Calculator.Android.csproj", "{D3BE33A0-8035-4553-A08B-7E0C7F7C0DE2}"
EndProject
Project("{FAE04EC0-301F-11D3-BF4B-00C04F79EFBC}") = "BMI Calculator.iOS", "BMI Calculator\BMI Calculator.iOS\BMI Calculator.iOS.csproj", "{A030D7A6-D8C0-4431-B92B-5B51FFCE06E4}"
EndProject
Project("{FAE04EC0-301F-11D3-BF4B-00C04F79EFBC}") = "BMI Calculator", "BMI Calculator\BMI Calculator\BMI Calculator.csproj", "{94613266-D22A-4D9B-8A84-1649AF0E3F5A}"
EndProject
Global
	GlobalSection(SolutionConfigurationPlatforms) = preSolution
		Debug|Any CPU = Debug|Any CPU
		Debug|ARM = Debug|ARM
		Debug|iPhone = Debug|iPhone
		Debug|iPhoneSimulator = Debug|iPhoneSimulator
		Debug|x64 = Debug|x64
		Debug|x86 = Debug|x86
		Release|Any CPU = Release|Any CPU
		Release|ARM = Release|ARM
		Release|iPhone = Release|iPhone
		Release|iPhoneSimulator = Release|iPhoneSimulator
		Release|x64 = Release|x64
		Release|x86 = Release|x86
	EndGlobalSection
	GlobalSection(ProjectConfigurationPlatforms) = postSolution
		{21265B3D-6CAD-4940-A8EF-7D40AE6BCF9C}.Debug|Any CPU.ActiveCfg = Debug|x86
		{21265B3D-6CAD-4940-A8EF-7D40AE6BCF9C}.Debug|Any CPU.Build.0 = Debug|x86
		{21265B3D-6CAD-4940-A8EF-7D40AE6BCF9C}.Debug|Any CPU.Deploy.0 = Debug|x86
		{21265B3D-6CAD-4940-A8EF-7D40AE6BCF9C}.Debug|ARM.ActiveCfg = Debug|ARM
		{21265B3D-6CAD-4940-A8EF-7D40AE6BCF9C}.Debug|ARM.Build.0 = Debug|ARM
		{21265B3D-6CAD-4940-A8EF-7D40AE6BCF9C}.Debug|ARM.Deploy.0 = Debug|ARM
		{21265B3D-6CAD-4940-A8EF-7D40AE6BCF9C}.Debug|iPhone.ActiveCfg = Debug|x86
		{21265B3D-6CAD-4940-A8EF-7D40AE6BCF9C}.Debug|iPhone.Build.0 = Debug|x86
		{21265B3D-6CAD-4940-A8EF-7D40AE6BCF9C}.Debug|iPhone.Deploy.0 = Debug|x86
		{21265B3D-6CAD-4940-A8EF-7D40AE6BCF9C}.Debug|iPhoneSimulator.ActiveCfg = Debug|x86
		{21265B3D-6CAD-4940-A8EF-7D40AE6BCF9C}.Debug|iPhoneSimulator.Build.0 = Debug|x86
		{21265B3D-6CAD-4940-A8EF-7D40AE6BCF9C}.Debug|iPhoneSimulator.Deploy.0 = Debug|x86
		{21265B3D-6CAD-4940-A8EF-7D40AE6BCF9C}.Debug|x64.ActiveCfg = Debug|x64
		{21265B3D-6CAD-4940-A8EF-7D40AE6BCF9C}.Debug|x64.Build.0 = Debug|x64
		{21265B3D-6CAD-4940-A8EF-7D40AE6BCF9C}.Debug|x64.Deploy.0 = Debug|x64
		{21265B3D-6CAD-4940-A8EF-7D40AE6BCF9C}.Debug|x86.ActiveCfg = Debug|x86
		{21265B3D-6CAD-4940-A8EF-7D40AE6BCF9C}.Debug|x86.Build.0 = Debug|x86
		{21265B3D-6CAD-4940-A8EF-7D40AE6BCF9C}.Debug|x86.Deploy.0 = Debug|x86
		{21265B3D-6CAD-4940-A8EF-7D40AE6BCF9C}.Release|Any CPU.ActiveCfg = Release|x86
		{21265B3D-6CAD-4940-A8EF-7D40AE6BCF9C}.Release|Any CPU.Build.0 = Release|x86
		{21265B3D-6CAD-4940-A8EF-7D40AE6BCF9C}.Release|Any CPU.Deploy.0 = Release|x86
		{21265B3D-6CAD-4940-A8EF-7D40AE6BCF9C}.Release|ARM.ActiveCfg = Release|ARM
		{21265B3D-6CAD-4940-A8EF-7D40AE6BCF9C}.Release|ARM.Build.0 = Release|ARM
		{21265B3D-6CAD-4940-A8EF-7D40AE6BCF9C}.Release|ARM.Deploy.0 = Release|ARM
		{21265B3D-6CAD-4940-A8EF-7D40AE6BCF9C}.Release|iPhone.ActiveCfg = Release|x86
		{21265B3D-6CAD-4940-A8EF-7D40AE6BCF9C}.Release|iPhone.Build.0 = Release|x86
		{21265B3D-6CAD-4940-A8EF-7D40AE6BCF9C}.Release|iPhone.Deploy.0 = Release|x86
		{21265B3D-6CAD-4940-A8EF-7D40AE6BCF9C}.Release|iPhoneSimulator.ActiveCfg = Release|x86
		{21265B3D-6CAD-4940-A8EF-7D40AE6BCF9C}.Release|iPhoneSimulator.Build.0 = Release|x86
		{21265B3D-6CAD-4940-A8EF-7D40AE6BCF9C}.Release|iPhoneSimulator.Deploy.0 = Release|x86
		{21265B3D-6CAD-4940-A8EF-7D40AE6BCF9C}.Release|x64.ActiveCfg = Release|x64
		{21265B3D-6CAD-4940-A8EF-7D40AE6BCF9C}.Release|x64.Build.0 = Release|x64
		{21265B3D-6CAD-4940-A8EF-7D40AE6BCF9C}.Release|x64.Deploy.0 = Release|x64
		{21265B3D-6CAD-4940-A8EF-7D40AE6BCF9C}.Release|x86.ActiveCfg = Release|x86
		{21265B3D-6CAD-4940-A8EF-7D40AE6BCF9C}.Release|x86.Build.0 = Release|x86
		{21265B3D-6CAD-4940-A8EF-7D40AE6BCF9C}.Release|x86.Deploy.0 = Release|x86
		{D3BE33A0-8035-4553-A08B-7E0C7F7C0DE2}.Debug|Any CPU.ActiveCfg = Debug|Any CPU
		{D3BE33A0-8035-4553-A08B-7E0C7F7C0DE2}.Debug|Any CPU.Build.0 = Debug|Any CPU
		{D3BE33A0-8035-4553-A08B-7E0C7F7C0DE2}.Debug|Any CPU.Deploy.0 = Debug|Any CPU
		{D3BE33A0-8035-4553-A08B-7E0C7F7C0DE2}.Debug|ARM.ActiveCfg = Debug|Any CPU
		{D3BE33A0-8035-4553-A08B-7E0C7F7C0DE2}.Debug|ARM.Build.0 = Debug|Any CPU
		{D3BE33A0-8035-4553-A08B-7E0C7F7C0DE2}.Debug|ARM.Deploy.0 = Debug|Any CPU
		{D3BE33A0-8035-4553-A08B-7E0C7F7C0DE2}.Debug|iPhone.ActiveCfg = Debug|Any CPU
		{D3BE33A0-8035-4553-A08B-7E0C7F7C0DE2}.Debug|iPhone.Build.0 = Debug|Any CPU
		{D3BE33A0-8035-4553-A08B-7E0C7F7C0DE2}.Debug|iPhone.Deploy.0 = Debug|Any CPU
		{D3BE33A0-8035-4553-A08B-7E0C7F7C0DE2}.Debug|iPhoneSimulator.ActiveCfg = Debug|Any CPU
		{D3BE33A0-8035-4553-A08B-7E0C7F7C0DE2}.Debug|iPhoneSimulator.Build.0 = Debug|Any CPU
		{D3BE33A0-8035-4553-A08B-7E0C7F7C0DE2}.Debug|iPhoneSimulator.Deploy.0 = Debug|Any CPU
		{D3BE33A0-8035-4553-A08B-7E0C7F7C0DE2}.Debug|x64.ActiveCfg = Debug|Any CPU
		{D3BE33A0-8035-4553-A08B-7E0C7F7C0DE2}.Debug|x64.Build.0 = Debug|Any CPU
		{D3BE33A0-8035-4553-A08B-7E0C7F7C0DE2}.Debug|x64.Deploy.0 = Debug|Any CPU
		{D3BE33A0-8035-4553-A08B-7E0C7F7C0DE2}.Debug|x86.ActiveCfg = Debug|Any CPU
		{D3BE33A0-8035-4553-A08B-7E0C7F7C0DE2}.Debug|x86.Build.0 = Debug|Any CPU
		{D3BE33A0-8035-4553-A08B-7E0C7F7C0DE2}.Debug|x86.Deploy.0 = Debug|Any CPU
		{D3BE33A0-8035-4553-A08B-7E0C7F7C0DE2}.Release|Any CPU.ActiveCfg = Release|Any CPU
		{D3BE33A0-8035-4553-A08B-7E0C7F7C0DE2}.Release|Any CPU.Build.0 = Release|Any CPU
		{D3BE33A0-8035-4553-A08B-7E0C7F7C0DE2}.Release|Any CPU.Deploy.0 = Release|Any CPU
		{D3BE33A0-8035-4553-A08B-7E0C7F7C0DE2}.Release|ARM.ActiveCfg = Release|Any CPU
		{D3BE33A0-8035-4553-A08B-7E0C7F7C0DE2}.Release|ARM.Build.0 = Release|Any CPU
		{D3BE33A0-8035-4553-A08B-7E0C7F7C0DE2}.Release|ARM.Deploy.0 = Release|Any CPU
		{D3BE33A0-8035-4553-A08B-7E0C7F7C0DE2}.Release|iPhone.ActiveCfg = Release|Any CPU
		{D3BE33A0-8035-4553-A08B-7E0C7F7C0DE2}.Release|iPhone.Build.0 = Release|Any CPU
		{D3BE33A0-8035-4553-A08B-7E0C7F7C0DE2}.Release|iPhone.Deploy.0 = Release|Any CPU
		{D3BE33A0-8035-4553-A08B-7E0C7F7C0DE2}.Release|iPhoneSimulator.ActiveCfg = Release|Any CPU
		{D3BE33A0-8035-4553-A08B-7E0C7F7C0DE2}.Release|iPhoneSimulator.Build.0 = Release|Any CPU
		{D3BE33A0-8035-4553-A08B-7E0C7F7C0DE2}.Release|iPhoneSimulator.Deploy.0 = Release|Any CPU
		{D3BE33A0-8035-4553-A08B-7E0C7F7C0DE2}.Release|x64.ActiveCfg = Release|Any CPU
		{D3BE33A0-8035-4553-A08B-7E0C7F7C0DE2}.Release|x64.Build.0 = Release|Any CPU
		{D3BE33A0-8035-4553-A08B-7E0C7F7C0DE2}.Release|x64.Deploy.0 = Release|Any CPU
		{D3BE33A0-8035-4553-A08B-7E0C7F7C0DE2}.Release|x86.ActiveCfg = Release|Any CPU
		{D3BE33A0-8035-4553-A08B-7E0C7F7C0DE2}.Release|x86.Build.0 = Release|Any CPU
		{D3BE33A0-8035-4553-A08B-7E0C7F7C0DE2}.Release|x86.Deploy.0 = Release|Any CPU
		{A030D7A6-D8C0-4431-B92B-5B51FFCE06E4}.Debug|Any CPU.ActiveCfg = Debug|iPhoneSimulator
		{A030D7A6-D8C0-4431-B92B-5B51FFCE06E4}.Debug|Any CPU.Build.0 = Debug|iPhoneSimulator
		{A030D7A6-D8C0-4431-B92B-5B51FFCE06E4}.Debug|Any CPU.Deploy.0 = Debug|iPhoneSimulator
		{A030D7A6-D8C0-4431-B92B-5B51FFCE06E4}.Debug|ARM.ActiveCfg = Debug|iPhone
		{A030D7A6-D8C0-4431-B92B-5B51FFCE06E4}.Debug|ARM.Build.0 = Debug|iPhone
		{A030D7A6-D8C0-4431-B92B-5B51FFCE06E4}.Debug|ARM.Deploy.0 = Debug|iPhone
		{A030D7A6-D8C0-4431-B92B-5B51FFCE06E4}.Debug|iPhone.ActiveCfg = Debug|iPhone
		{A030D7A6-D8C0-4431-B92B-5B51FFCE06E4}.Debug|iPhone.Build.0 = Debug|iPhone
		{A030D7A6-D8C0-4431-B92B-5B51FFCE06E4}.Debug|iPhone.Deploy.0 = Debug|iPhone
		{A030D7A6-D8C0-4431-B92B-5B51FFCE06E4}.Debug|iPhoneSimulator.ActiveCfg = Debug|iPhoneSimulator
		{A030D7A6-D8C0-4431-B92B-5B51FFCE06E4}.Debug|iPhoneSimulator.Build.0 = Debug|iPhoneSimulator
		{A030D7A6-D8C0-4431-B92B-5B51FFCE06E4}.Debug|iPhoneSimulator.Deploy.0 = Debug|iPhoneSimulator
		{A030D7A6-D8C0-4431-B92B-5B51FFCE06E4}.Debug|x64.ActiveCfg = Debug|iPhoneSimulator
		{A030D7A6-D8C0-4431-B92B-5B51FFCE06E4}.Debug|x64.Build.0 = Debug|iPhoneSimulator
		{A030D7A6-D8C0-4431-B92B-5B51FFCE06E4}.Debug|x64.Deploy.0 = Debug|iPhoneSimulator
		{A030D7A6-D8C0-4431-B92B-5B51FFCE06E4}.Debug|x86.ActiveCfg = Debug|iPhoneSimulator
		{A030D7A6-D8C0-4431-B92B-5B51FFCE06E4}.Debug|x86.Build.0 = Debug|iPhoneSimulator
		{A030D7A6-D8C0-4431-B92B-5B51FFCE06E4}.Debug|x86.Deploy.0 = Debug|iPhoneSimulator
		{A030D7A6-D8C0-4431-B92B-5B51FFCE06E4}.Release|Any CPU.ActiveCfg = Release|iPhoneSimulator
		{A030D7A6-D8C0-4431-B92B-5B51FFCE06E4}.Release|Any CPU.Build.0 = Release|iPhoneSimulator
		{A030D7A6-D8C0-4431-B92B-5B51FFCE06E4}.Release|Any CPU.Deploy.0 = Release|iPhoneSimulator
		{A030D7A6-D8C0-4431-B92B-5B51FFCE06E4}.Release|ARM.ActiveCfg = Release|iPhoneSimulator
		{A030D7A6-D8C0-4431-B92B-5B51FFCE06E4}.Release|ARM.Build.0 = Release|iPhoneSimulator
		{A030D7A6-D8C0-4431-B92B-5B51FFCE06E4}.Release|ARM.Deploy.0 = Release|iPhoneSimulator
		{A030D7A6-D8C0-4431-B92B-5B51FFCE06E4}.Release|iPhone.ActiveCfg = Release|iPhone
		{A030D7A6-D8C0-4431-B92B-5B51FFCE06E4}.Release|iPhone.Build.0 = Release|iPhone
		{A030D7A6-D8C0-4431-B92B-5B51FFCE06E4}.Release|iPhone.Deploy.0 = Release|iPhone
		{A030D7A6-D8C0-4431-B92B-5B51FFCE06E4}.Release|iPhoneSimulator.ActiveCfg = Release|iPhoneSimulator
		{A030D7A6-D8C0-4431-B92B-5B51FFCE06E4}.Release|iPhoneSimulator.Build.0 = Release|iPhoneSimulator
		{A030D7A6-D8C0-4431-B92B-5B51FFCE06E4}.Release|iPhoneSimulator.Deploy.0 = Release|iPhoneSimulator
		{A030D7A6-D8C0-4431-B92B-5B51FFCE06E4}.Release|x64.ActiveCfg = Release|iPhoneSimulator
		{A030D7A6-D8C0-4431-B92B-5B51FFCE06E4}.Release|x64.Build.0 = Release|iPhoneSimulator
		{A030D7A6-D8C0-4431-B92B-5B51FFCE06E4}.Release|x64.Deploy.0 = Release|iPhoneSimulator
		{A030D7A6-D8C0-4431-B92B-5B51FFCE06E4}.Release|x86.ActiveCfg = Release|iPhoneSimulator
		{A030D7A6-D8C0-4431-B92B-5B51FFCE06E4}.Release|x86.Build.0 = Release|iPhoneSimulator
		{A030D7A6-D8C0-4431-B92B-5B51FFCE06E4}.Release|x86.Deploy.0 = Release|iPhoneSimulator
		{94613266-D22A-4D9B-8A84-1649AF0E3F5A}.Debug|Any CPU.ActiveCfg = Debug|Any CPU
		{94613266-D22A-4D9B-8A84-1649AF0E3F5A}.Debug|Any CPU.Build.0 = Debug|Any CPU
		{94613266-D22A-4D9B-8A84-1649AF0E3F5A}.Debug|Any CPU.Deploy.0 = Debug|Any CPU
		{94613266-D22A-4D9B-8A84-1649AF0E3F5A}.Debug|ARM.ActiveCfg = Debug|Any CPU
		{94613266-D22A-4D9B-8A84-1649AF0E3F5A}.Debug|ARM.Build.0 = Debug|Any CPU
		{94613266-D22A-4D9B-8A84-1649AF0E3F5A}.Debug|ARM.Deploy.0 = Debug|Any CPU
		{94613266-D22A-4D9B-8A84-1649AF0E3F5A}.Debug|iPhone.ActiveCfg = Debug|Any CPU
		{94613266-D22A-4D9B-8A84-1649AF0E3F5A}.Debug|iPhone.Build.0 = Debug|Any CPU
		{94613266-D22A-4D9B-8A84-1649AF0E3F5A}.Debug|iPhone.Deploy.0 = Debug|Any CPU
		{94613266-D22A-4D9B-8A84-1649AF0E3F5A}.Debug|iPhoneSimulator.ActiveCfg = Debug|Any CPU
		{94613266-D22A-4D9B-8A84-1649AF0E3F5A}.Debug|iPhoneSimulator.Build.0 = Debug|Any CPU
		{94613266-D22A-4D9B-8A84-1649AF0E3F5A}.Debug|iPhoneSimulator.Deploy.0 = Debug|Any CPU
		{94613266-D22A-4D9B-8A84-1649AF0E3F5A}.Debug|x64.ActiveCfg = Debug|Any CPU
		{94613266-D22A-4D9B-8A84-1649AF0E3F5A}.Debug|x64.Build.0 = Debug|Any CPU
		{94613266-D22A-4D9B-8A84-1649AF0E3F5A}.Debug|x64.Deploy.0 = Debug|Any CPU
		{94613266-D22A-4D9B-8A84-1649AF0E3F5A}.Debug|x86.ActiveCfg = Debug|Any CPU
		{94613266-D22A-4D9B-8A84-1649AF0E3F5A}.Debug|x86.Build.0 = Debug|Any CPU
		{94613266-D22A-4D9B-8A84-1649AF0E3F5A}.Debug|x86.Deploy.0 = Debug|Any CPU
		{94613266-D22A-4D9B-8A84-1649AF0E3F5A}.Release|Any CPU.ActiveCfg = Release|Any CPU
		{94613266-D22A-4D9B-8A84-1649AF0E3F5A}.Release|Any CPU.Build.0 = Release|Any CPU
		{94613266-D22A-4D9B-8A84-1649AF0E3F5A}.Release|Any CPU.Deploy.0 = Release|Any CPU
		{94613266-D22A-4D9B-8A84-1649AF0E3F5A}.Release|ARM.ActiveCfg = Release|Any CPU
		{94613266-D22A-4D9B-8A84-1649AF0E3F5A}.Release|ARM.Build.0 = Release|Any CPU
		{94613266-D22A-4D9B-8A84-1649AF0E3F5A}.Release|ARM.Deploy.0 = Release|Any CPU
		{94613266-D22A-4D9B-8A84-1649AF0E3F5A}.Release|iPhone.ActiveCfg = Release|Any CPU
		{94613266-D22A-4D9B-8A84-1649AF0E3F5A}.Release|iPhone.Build.0 = Release|Any CPU
		{94613266-D22A-4D9B-8A84-1649AF0E3F5A}.Release|iPhone.Deploy.0 = Release|Any CPU
		{94613266-D22A-4D9B-8A84-1649AF0E3F5A}.Release|iPhoneSimulator.ActiveCfg = Release|Any CPU
		{94613266-D22A-4D9B-8A84-1649AF0E3F5A}.Release|iPhoneSimulator.Build.0 = Release|Any CPU
		{94613266-D22A-4D9B-8A84-1649AF0E3F5A}.Release|iPhoneSimulator.Deploy.0 = Release|Any CPU
		{94613266-D22A-4D9B-8A84-1649AF0E3F5A}.Release|x64.ActiveCfg = Release|Any CPU
		{94613266-D22A-4D9B-8A84-1649AF0E3F5A}.Release|x64.Build.0 = Release|Any CPU
		{94613266-D22A-4D9B-8A84-1649AF0E3F5A}.Release|x64.Deploy.0 = Release|Any CPU
		{94613266-D22A-4D9B-8A84-1649AF0E3F5A}.Release|x86.ActiveCfg = Release|Any CPU
		{94613266-D22A-4D9B-8A84-1649AF0E3F5A}.Release|x86.Build.0 = Release|Any CPU
		{94613266-D22A-4D9B-8A84-1649AF0E3F5A}.Release|x86.Deploy.0 = Release|Any CPU
	EndGlobalSection
	GlobalSection(SolutionProperties) = preSolution
		HideSolutionNode = FALSE
	EndGlobalSection
	GlobalSection(ExtensibilityGlobals) = postSolution
		SolutionGuid = {3083A498-AEFE-47E1-B8A8-5F5677ADF711}
	EndGlobalSection
EndGlobal
